// !$*UTF8*$!
{
	archiveVersion = 1;
	classes = {
	};
	objectVersion = 46;
	objects = {

/* Begin PBXBuildFile section */
		148D285AB7207B079C8F40BB /* libPods-LinkMap.a in Frameworks */ = {isa = PBXBuildFile; fileRef = 6272F166F212A7CBF5F95350 /* libPods-LinkMap.a */; };
		6E7367EA1CB7843200722B99 /* AppDelegate.m in Sources */ = {isa = PBXBuildFile; fileRef = 6E7367E91CB7843200722B99 /* AppDelegate.m */; };
		6E7367ED1CB7843200722B99 /* main.m in Sources */ = {isa = PBXBuildFile; fileRef = 6E7367EC1CB7843200722B99 /* main.m */; };
		6E7367F01CB7843200722B99 /* DWViewController.m in Sources */ = {isa = PBXBuildFile; fileRef = 6E7367EF1CB7843200722B99 /* DWViewController.m */; };
		6E7367F21CB7843200722B99 /* Assets.xcassets in Resources */ = {isa = PBXBuildFile; fileRef = 6E7367F11CB7843200722B99 /* Assets.xcassets */; };
		6E7367F51CB7843200722B99 /* Main.storyboard in Resources */ = {isa = PBXBuildFile; fileRef = 6E7367F31CB7843200722B99 /* Main.storyboard */; };
		6E73680C1CB784F100722B99 /* DWBaseModel.m in Sources */ = {isa = PBXBuildFile; fileRef = 6E73680B1CB784F100722B99 /* DWBaseModel.m */; };
		6F0BFC0E21105A9200CA4F7C /* DWSymbolViewModel.m in Sources */ = {isa = PBXBuildFile; fileRef = 6F0BFC0D21105A9200CA4F7C /* DWSymbolViewModel.m */; };
		6F0BFC11211090F000CA4F7C /* DWCalculateHelper.m in Sources */ = {isa = PBXBuildFile; fileRef = 6F0BFC10211090F000CA4F7C /* DWCalculateHelper.m */; };
		6FFAE2EE2112C6B400C40A9E /* DWSymbolViewModel+SingleLinkMap.m in Sources */ = {isa = PBXBuildFile; fileRef = 6FFAE2ED2112C6B400C40A9E /* DWSymbolViewModel+SingleLinkMap.m */; };
		6FFAE2F12112E15200C40A9E /* DWSymbolViewModel+ExportExecl.m in Sources */ = {isa = PBXBuildFile; fileRef = 6FFAE2F02112E15200C40A9E /* DWSymbolViewModel+ExportExecl.m */; };
/* End PBXBuildFile section */

/* Begin PBXFileReference section */
		17881D6EB8FFCD1817379497 /* Pods-LinkMap.release.xcconfig */ = {isa = PBXFileReference; includeInIndex = 1; lastKnownFileType = text.xcconfig; name = "Pods-LinkMap.release.xcconfig"; path = "Pods/Target Support Files/Pods-LinkMap/Pods-LinkMap.release.xcconfig"; sourceTree = "<group>"; };
		6272F166F212A7CBF5F95350 /* libPods-LinkMap.a */ = {isa = PBXFileReference; explicitFileType = archive.ar; includeInIndex = 0; path = "libPods-LinkMap.a"; sourceTree = BUILT_PRODUCTS_DIR; };
		6E7367E51CB7843200722B99 /* LinkMap.app */ = {isa = PBXFileReference; explicitFileType = wrapper.application; includeInIndex = 0; path = LinkMap.app; sourceTree = BUILT_PRODUCTS_DIR; };
		6E7367E81CB7843200722B99 /* AppDelegate.h */ = {isa = PBXFileReference; lastKnownFileType = sourcecode.c.h; path = AppDelegate.h; sourceTree = "<group>"; };
		6E7367E91CB7843200722B99 /* AppDelegate.m */ = {isa = PBXFileReference; lastKnownFileType = sourcecode.c.objc; path = AppDelegate.m; sourceTree = "<group>"; };
		6E7367EC1CB7843200722B99 /* main.m */ = {isa = PBXFileReference; lastKnownFileType = sourcecode.c.objc; path = main.m; sourceTree = "<group>"; };
		6E7367EE1CB7843200722B99 /* DWViewController.h */ = {isa = PBXFileReference; lastKnownFileType = sourcecode.c.h; path = DWViewController.h; sourceTree = "<group>"; };
		6E7367EF1CB7843200722B99 /* DWViewController.m */ = {isa = PBXFileReference; lastKnownFileType = sourcecode.c.objc; path = DWViewController.m; sourceTree = "<group>"; };
		6E7367F11CB7843200722B99 /* Assets.xcassets */ = {isa = PBXFileReference; lastKnownFileType = folder.assetcatalog; path = Assets.xcassets; sourceTree = "<group>"; };
		6E7367F41CB7843200722B99 /* Base */ = {isa = PBXFileReference; lastKnownFileType = file.storyboard; name = Base; path = Base.lproj/Main.storyboard; sourceTree = "<group>"; };
		6E7367F61CB7843200722B99 /* Info.plist */ = {isa = PBXFileReference; lastKnownFileType = text.plist.xml; path = Info.plist; sourceTree = "<group>"; };
		6E73680A1CB784F100722B99 /* DWBaseModel.h */ = {isa = PBXFileReference; fileEncoding = 4; lastKnownFileType = sourcecode.c.h; path = DWBaseModel.h; sourceTree = "<group>"; };
		6E73680B1CB784F100722B99 /* DWBaseModel.m */ = {isa = PBXFileReference; fileEncoding = 4; lastKnownFileType = sourcecode.c.objc; path = DWBaseModel.m; sourceTree = "<group>"; };
		6F0BFC0C21105A9200CA4F7C /* DWSymbolViewModel.h */ = {isa = PBXFileReference; lastKnownFileType = sourcecode.c.h; path = DWSymbolViewModel.h; sourceTree = "<group>"; };
		6F0BFC0D21105A9200CA4F7C /* DWSymbolViewModel.m */ = {isa = PBXFileReference; lastKnownFileType = sourcecode.c.objc; path = DWSymbolViewModel.m; sourceTree = "<group>"; };
		6F0BFC0F211090F000CA4F7C /* DWCalculateHelper.h */ = {isa = PBXFileReference; lastKnownFileType = sourcecode.c.h; path = DWCalculateHelper.h; sourceTree = "<group>"; };
		6F0BFC10211090F000CA4F7C /* DWCalculateHelper.m */ = {isa = PBXFileReference; lastKnownFileType = sourcecode.c.objc; path = DWCalculateHelper.m; sourceTree = "<group>"; };
		6FFAE2EC2112C6B400C40A9E /* DWSymbolViewModel+SingleLinkMap.h */ = {isa = PBXFileReference; lastKnownFileType = sourcecode.c.h; path = "DWSymbolViewModel+SingleLinkMap.h"; sourceTree = "<group>"; };
		6FFAE2ED2112C6B400C40A9E /* DWSymbolViewModel+SingleLinkMap.m */ = {isa = PBXFileReference; lastKnownFileType = sourcecode.c.objc; path = "DWSymbolViewModel+SingleLinkMap.m"; sourceTree = "<group>"; };
		6FFAE2EF2112E15200C40A9E /* DWSymbolViewModel+ExportExecl.h */ = {isa = PBXFileReference; lastKnownFileType = sourcecode.c.h; path = "DWSymbolViewModel+ExportExecl.h"; sourceTree = "<group>"; };
		6FFAE2F02112E15200C40A9E /* DWSymbolViewModel+ExportExecl.m */ = {isa = PBXFileReference; lastKnownFileType = sourcecode.c.objc; path = "DWSymbolViewModel+ExportExecl.m"; sourceTree = "<group>"; };
		AF77373811A75F9D02211D89 /* Pods-LinkMap.debug.xcconfig */ = {isa = PBXFileReference; includeInIndex = 1; lastKnownFileType = text.xcconfig; name = "Pods-LinkMap.debug.xcconfig"; path = "Pods/Target Support Files/Pods-LinkMap/Pods-LinkMap.debug.xcconfig"; sourceTree = "<group>"; };
/* End PBXFileReference section */

/* Begin PBXFrameworksBuildPhase section */
		6E7367E21CB7843200722B99 /* Frameworks */ = {
			isa = PBXFrameworksBuildPhase;
			buildActionMask = 2147483647;
			files = (
				148D285AB7207B079C8F40BB /* libPods-LinkMap.a in Frameworks */,
			);
			runOnlyForDeploymentPostprocessing = 0;
		};
/* End PBXFrameworksBuildPhase section */

/* Begin PBXGroup section */
		101979F1CC302561C377AAA0 /* Pods */ = {
			isa = PBXGroup;
			children = (
				AF77373811A75F9D02211D89 /* Pods-LinkMap.debug.xcconfig */,
				17881D6EB8FFCD1817379497 /* Pods-LinkMap.release.xcconfig */,
			);
			name = Pods;
			sourceTree = "<group>";
		};
		6E7367DC1CB7843200722B99 = {
			isa = PBXGroup;
			children = (
				6E7367E71CB7843200722B99 /* LinkMap */,
				6E7367E61CB7843200722B99 /* Products */,
				101979F1CC302561C377AAA0 /* Pods */,
				C604C79CF2821EC219EB7CAF /* Frameworks */,
			);
			sourceTree = "<group>";
		};
		6E7367E61CB7843200722B99 /* Products */ = {
			isa = PBXGroup;
			children = (
				6E7367E51CB7843200722B99 /* LinkMap.app */,
			);
			name = Products;
			sourceTree = "<group>";
		};
		6E7367E71CB7843200722B99 /* LinkMap */ = {
			isa = PBXGroup;
			children = (
				6E7367E81CB7843200722B99 /* AppDelegate.h */,
				6E7367E91CB7843200722B99 /* AppDelegate.m */,
				6E7367EE1CB7843200722B99 /* DWViewController.h */,
				6E7367EF1CB7843200722B99 /* DWViewController.m */,
				6E73680A1CB784F100722B99 /* DWBaseModel.h */,
				6E73680B1CB784F100722B99 /* DWBaseModel.m */,
				6F0BFC0F211090F000CA4F7C /* DWCalculateHelper.h */,
				6F0BFC10211090F000CA4F7C /* DWCalculateHelper.m */,
				6F0BFC0C21105A9200CA4F7C /* DWSymbolViewModel.h */,
				6F0BFC0D21105A9200CA4F7C /* DWSymbolViewModel.m */,
				6FFAE2EC2112C6B400C40A9E /* DWSymbolViewModel+SingleLinkMap.h */,
				6FFAE2ED2112C6B400C40A9E /* DWSymbolViewModel+SingleLinkMap.m */,
				6FFAE2EF2112E15200C40A9E /* DWSymbolViewModel+ExportExecl.h */,
				6FFAE2F02112E15200C40A9E /* DWSymbolViewModel+ExportExecl.m */,
				6E7367F11CB7843200722B99 /* Assets.xcassets */,
				6E7367F31CB7843200722B99 /* Main.storyboard */,
				6E7367F61CB7843200722B99 /* Info.plist */,
				6E7367EB1CB7843200722B99 /* Supporting Files */,
			);
			path = LinkMap;
			sourceTree = "<group>";
		};
		6E7367EB1CB7843200722B99 /* Supporting Files */ = {
			isa = PBXGroup;
			children = (
				6E7367EC1CB7843200722B99 /* main.m */,
			);
			name = "Supporting Files";
			sourceTree = "<group>";
		};
		C604C79CF2821EC219EB7CAF /* Frameworks */ = {
			isa = PBXGroup;
			children = (
				6272F166F212A7CBF5F95350 /* libPods-LinkMap.a */,
			);
			name = Frameworks;
			sourceTree = "<group>";
		};
/* End PBXGroup section */

/* Begin PBXNativeTarget section */
		6E7367E41CB7843200722B99 /* LinkMap */ = {
			isa = PBXNativeTarget;
			buildConfigurationList = 6E7368041CB7843200722B99 /* Build configuration list for PBXNativeTarget "LinkMap" */;
			buildPhases = (
				6D5B8C23E7EC97BBE4F1B900 /* [CP] Check Pods Manifest.lock */,
				6E7367E11CB7843200722B99 /* Sources */,
				6E7367E21CB7843200722B99 /* Frameworks */,
				6E7367E31CB7843200722B99 /* Resources */,
				CEFC12EEBE1705154AE3C01D /* [CP] Embed Pods Frameworks */,
				C4030747FEAC9DC5853F2109 /* [CP] Copy Pods Resources */,
			);
			buildRules = (
			);
			dependencies = (
			);
			name = LinkMap;
			productName = LinkMap;
			productReference = 6E7367E51CB7843200722B99 /* LinkMap.app */;
			productType = "com.apple.product-type.application";
		};
/* End PBXNativeTarget section */

/* Begin PBXProject section */
		6E7367DD1CB7843200722B99 /* Project object */ = {
			isa = PBXProject;
			attributes = {
				LastUpgradeCheck = 0720;
				ORGANIZATIONNAME = ND;
				TargetAttributes = {
					6E7367E41CB7843200722B99 = {
						CreatedOnToolsVersion = 7.2.1;
					};
				};
			};
			buildConfigurationList = 6E7367E01CB7843200722B99 /* Build configuration list for PBXProject "LinkMap" */;
			compatibilityVersion = "Xcode 3.2";
			developmentRegion = English;
			hasScannedForEncodings = 0;
			knownRegions = (
				en,
				Base,
			);
			mainGroup = 6E7367DC1CB7843200722B99;
			productRefGroup = 6E7367E61CB7843200722B99 /* Products */;
			projectDirPath = "";
			projectRoot = "";
			targets = (
				6E7367E41CB7843200722B99 /* LinkMap */,
			);
		};
/* End PBXProject section */

/* Begin PBXResourcesBuildPhase section */
		6E7367E31CB7843200722B99 /* Resources */ = {
			isa = PBXResourcesBuildPhase;
			buildActionMask = 2147483647;
			files = (
				6E7367F21CB7843200722B99 /* Assets.xcassets in Resources */,
				6E7367F51CB7843200722B99 /* Main.storyboard in Resources */,
			);
			runOnlyForDeploymentPostprocessing = 0;
		};
/* End PBXResourcesBuildPhase section */

/* Begin PBXShellScriptBuildPhase section */
		6D5B8C23E7EC97BBE4F1B900 /* [CP] Check Pods Manifest.lock */ = {
			isa = PBXShellScriptBuildPhase;
			buildActionMask = 2147483647;
			files = (
			);
			inputPaths = (
				"${PODS_PODFILE_DIR_PATH}/Podfile.lock",
				"${PODS_ROOT}/Manifest.lock",
			);
			name = "[CP] Check Pods Manifest.lock";
			outputPaths = (
				"$(DERIVED_FILE_DIR)/Pods-LinkMap-checkManifestLockResult.txt",
			);
			runOnlyForDeploymentPostprocessing = 0;
			shellPath = /bin/sh;
			shellScript = "diff \"${PODS_PODFILE_DIR_PATH}/Podfile.lock\" \"${PODS_ROOT}/Manifest.lock\" > /dev/null\nif [ $? != 0 ] ; then\n    # print error to STDERR\n    echo \"error: The sandbox is not in sync with the Podfile.lock. Run 'pod install' or update your CocoaPods installation.\" >&2\n    exit 1\nfi\n# This output is used by Xcode 'outputs' to avoid re-running this script phase.\necho \"SUCCESS\" > \"${SCRIPT_OUTPUT_FILE_0}\"\n";
			showEnvVarsInLog = 0;
		};
		C4030747FEAC9DC5853F2109 /* [CP] Copy Pods Resources */ = {
			isa = PBXShellScriptBuildPhase;
			buildActionMask = 2147483647;
			files = (
			);
			inputPaths = (
			);
			name = "[CP] Copy Pods Resources";
			outputPaths = (
			);
			runOnlyForDeploymentPostprocessing = 0;
			shellPath = /bin/sh;
			shellScript = "\"${SRCROOT}/Pods/Target Support Files/Pods-LinkMap/Pods-LinkMap-resources.sh\"\n";
			showEnvVarsInLog = 0;
		};
		CEFC12EEBE1705154AE3C01D /* [CP] Embed Pods Frameworks */ = {
			isa = PBXShellScriptBuildPhase;
			buildActionMask = 2147483647;
			files = (
			);
			inputPaths = (
			);
			name = "[CP] Embed Pods Frameworks";
			outputPaths = (
			);
			runOnlyForDeploymentPostprocessing = 0;
			shellPath = /bin/sh;
			shellScript = "\"${SRCROOT}/Pods/Target Support Files/Pods-LinkMap/Pods-LinkMap-frameworks.sh\"\n";
			showEnvVarsInLog = 0;
		};
/* End PBXShellScriptBuildPhase section */

/* Begin PBXSourcesBuildPhase section */
		6E7367E11CB7843200722B99 /* Sources */ = {
			isa = PBXSourcesBuildPhase;
			buildActionMask = 2147483647;
			files = (
				6F0BFC0E21105A9200CA4F7C /* DWSymbolViewModel.m in Sources */,
				6E7367F01CB7843200722B99 /* DWViewController.m in Sources */,
				6E7367ED1CB7843200722B99 /* main.m in Sources */,
				6E7367EA1CB7843200722B99 /* AppDelegate.m in Sources */,
				6E73680C1CB784F100722B99 /* DWBaseModel.m in Sources */,
				6FFAE2F12112E15200C40A9E /* DWSymbolViewModel+ExportExecl.m in Sources */,
				6F0BFC11211090F000CA4F7C /* DWCalculateHelper.m in Sources */,
				6FFAE2EE2112C6B400C40A9E /* DWSymbolViewModel+SingleLinkMap.m in Sources */,
			);
			runOnlyForDeploymentPostprocessing = 0;
		};
/* End PBXSourcesBuildPhase section */

/* Begin PBXVariantGroup section */
		6E7367F31CB7843200722B99 /* Main.storyboard */ = {
			isa = PBXVariantGroup;
			children = (
				6E7367F41CB7843200722B99 /* Base */,
			);
			name = Main.storyboard;
			sourceTree = "<group>";
		};
/* End PBXVariantGroup section */

/* Begin XCBuildConfiguration section */
		6E7368021CB7843200722B99 /* Debug */ = {
			isa = XCBuildConfiguration;
			buildSettings = {
				ALWAYS_SEARCH_USER_PATHS = NO;
				CLANG_CXX_LANGUAGE_STANDARD = "gnu++0x";
				CLANG_CXX_LIBRARY = "libc++";
				CLANG_ENABLE_MODULES = YES;
				CLANG_ENABLE_OBJC_ARC = YES;
				CLANG_WARN_BOOL_CONVERSION = YES;
				CLANG_WARN_CONSTANT_CONVERSION = YES;
				CLANG_WARN_DIRECT_OBJC_ISA_USAGE = YES_ERROR;
				CLANG_WARN_EMPTY_BODY = YES;
				CLANG_WARN_ENUM_CONVERSION = YES;
				CLANG_WARN_INT_CONVERSION = YES;
				CLANG_WARN_OBJC_ROOT_CLASS = YES_ERROR;
				CLANG_WARN_UNREACHABLE_CODE = YES;
				CLANG_WARN__DUPLICATE_METHOD_MATCH = YES;
				CODE_SIGN_IDENTITY = "-";
				COPY_PHASE_STRIP = NO;
				DEBUG_INFORMATION_FORMAT = dwarf;
				ENABLE_STRICT_OBJC_MSGSEND = YES;
				ENABLE_TESTABILITY = YES;
				GCC_C_LANGUAGE_STANDARD = gnu99;
				GCC_DYNAMIC_NO_PIC = NO;
				GCC_NO_COMMON_BLOCKS = YES;
				GCC_OPTIMIZATION_LEVEL = 0;
				GCC_PREPROCESSOR_DEFINITIONS = (
					"DEBUG=1",
					"$(inherited)",
				);
				GCC_WARN_64_TO_32_BIT_CONVERSION = YES;
				GCC_WARN_ABOUT_RETURN_TYPE = YES_ERROR;
				GCC_WARN_UNDECLARED_SELECTOR = YES;
				GCC_WARN_UNINITIALIZED_AUTOS = YES_AGGRESSIVE;
				GCC_WARN_UNUSED_FUNCTION = YES;
				GCC_WARN_UNUSED_VARIABLE = YES;
				MACOSX_DEPLOYMENT_TARGET = 10.11;
				MTL_ENABLE_DEBUG_INFO = YES;
				ONLY_ACTIVE_ARCH = YES;
				SDKROOT = macosx;
			};
			name = Debug;
		};
		6E7368031CB7843200722B99 /* Release */ = {
			isa = XCBuildConfiguration;
			buildSettings = {
				ALWAYS_SEARCH_USER_PATHS = NO;
				CLANG_CXX_LANGUAGE_STANDARD = "gnu++0x";
				CLANG_CXX_LIBRARY = "libc++";
				CLANG_ENABLE_MODULES = YES;
				CLANG_ENABLE_OBJC_ARC = YES;
				CLANG_WARN_BOOL_CONVERSION = YES;
				CLANG_WARN_CONSTANT_CONVERSION = YES;
				CLANG_WARN_DIRECT_OBJC_ISA_USAGE = YES_ERROR;
				CLANG_WARN_EMPTY_BODY = YES;
				CLANG_WARN_ENUM_CONVERSION = YES;
				CLANG_WARN_INT_CONVERSION = YES;
				CLANG_WARN_OBJC_ROOT_CLASS = YES_ERROR;
				CLANG_WARN_UNREACHABLE_CODE = YES;
				CLANG_WARN__DUPLICATE_METHOD_MATCH = YES;
				CODE_SIGN_IDENTITY = "-";
				COPY_PHASE_STRIP = NO;
				DEBUG_INFORMATION_FORMAT = "dwarf-with-dsym";
				ENABLE_NS_ASSERTIONS = NO;
				ENABLE_STRICT_OBJC_MSGSEND = YES;
				GCC_C_LANGUAGE_STANDARD = gnu99;
				GCC_NO_COMMON_BLOCKS = YES;
				GCC_WARN_64_TO_32_BIT_CONVERSION = YES;
				GCC_WARN_ABOUT_RETURN_TYPE = YES_ERROR;
				GCC_WARN_UNDECLARED_SELECTOR = YES;
				GCC_WARN_UNINITIALIZED_AUTOS = YES_AGGRESSIVE;
				GCC_WARN_UNUSED_FUNCTION = YES;
				GCC_WARN_UNUSED_VARIABLE = YES;
				MACOSX_DEPLOYMENT_TARGET = 10.11;
				MTL_ENABLE_DEBUG_INFO = NO;
				SDKROOT = macosx;
			};
			name = Release;
		};
		6E7368051CB7843200722B99 /* Debug */ = {
			isa = XCBuildConfiguration;
			baseConfigurationReference = AF77373811A75F9D02211D89 /* Pods-LinkMap.debug.xcconfig */;
			buildSettings = {
				ASSETCATALOG_COMPILER_APPICON_NAME = AppIcon;
				COMBINE_HIDPI_IMAGES = YES;
				INFOPLIST_FILE = LinkMap/Info.plist;
				LD_RUNPATH_SEARCH_PATHS = "$(inherited) @executable_path/../Frameworks";
				MACOSX_DEPLOYMENT_TARGET = 10.10;
				PRODUCT_BUNDLE_IDENTIFIER = com.nd.LinkMap;
				PRODUCT_NAME = "$(TARGET_NAME)";
			};
			name = Debug;
		};
		6E7368061CB7843200722B99 /* Release */ = {
			isa = XCBuildConfiguration;
			baseConfigurationReference = 17881D6EB8FFCD1817379497 /* Pods-LinkMap.release.xcconfig */;
			buildSettings = {
				ASSETCATALOG_COMPILER_APPICON_NAME = AppIcon;
				COMBINE_HIDPI_IMAGES = YES;
				INFOPLIST_FILE = LinkMap/Info.plist;
				LD_RUNPATH_SEARCH_PATHS = "$(inherited) @executable_path/../Frameworks";
				MACOSX_DEPLOYMENT_TARGET = 10.10;
				PRODUCT_BUNDLE_IDENTIFIER = com.nd.LinkMap;
				PRODUCT_NAME = "$(TARGET_NAME)";
			};
			name = Release;
		};
/* End XCBuildConfiguration section */

/* Begin XCConfigurationList section */
		6E7367E01CB7843200722B99 /* Build configuration list for PBXProject "LinkMap" */ = {
			isa = XCConfigurationList;
			buildConfigurations = (
				6E7368021CB7843200722B99 /* Debug */,
				6E7368031CB7843200722B99 /* Release */,
			);
			defaultConfigurationIsVisible = 0;
			defaultConfigurationName = Release;
		};
		6E7368041CB7843200722B99 /* Build configuration list for PBXNativeTarget "LinkMap" */ = {
			isa = XCConfigurationList;
			buildConfigurations = (
				6E7368051CB7843200722B99 /* Debug */,
				6E7368061CB7843200722B99 /* Release */,
			);
			defaultConfigurationIsVisible = 0;
			defaultConfigurationName = Release;
		};
/* End XCConfigurationList section */
	};
	rootObject = 6E7367DD1CB7843200722B99 /* Project object */;
}
